
Microsoft Visual Studio Solution File, Format Version 12.00
# Visual Studio Version 17
VisualStudioVersion = 17.5.2.0
MinimumVisualStudioVersion = 10.0.40219.1
Project("{FAE04EC0-301F-11D3-BF4B-00C04F79EFBC}") = "C0MMON", "C0MMON\C0MMON.csproj", "{BA77977A-14B5-3C24-9352-8A6DFA63E7B7}"
EndProject
Project("{FAE04EC0-301F-11D3-BF4B-00C04F79EFBC}") = "H0UND", "H0UND\H0UND.csproj", "{4DA9F3E8-D49A-F9F7-42BA-D4260358C930}"
EndProject
Project("{FAE04EC0-301F-11D3-BF4B-00C04F79EFBC}") = "H4ND", "H4ND\H4ND.csproj", "{AE0607F1-FE9F-B59B-5BC5-EFC755BDE9CD}"
EndProject
Project("{FAE04EC0-301F-11D3-BF4B-00C04F79EFBC}") = "PROF3T", "PROF3T\PROF3T.csproj", "{2F42BF82-C05C-C8E7-EF4C-D7FA35CB2B5E}"
EndProject
Project("{FAE04EC0-301F-11D3-BF4B-00C04F79EFBC}") = "CL0UD", "CL0UD\CL0UD.csproj", "{B7515E93-0FEF-4281-B863-69CB05255FA5}"
EndProject
Project("{FAE04EC0-301F-11D3-BF4B-00C04F79EFBC}") = "C0RR3CT", "C0RR3CT\C0RR3CT.csproj", "{86CBC181-091B-4E23-9957-06BC2CED63B9}"
EndProject
Project("{FAE04EC0-301F-11D3-BF4B-00C04F79EFBC}") = "M4NUAL", "M4NUAL\M4NUAL.csproj", "{8D74A300-4A93-46DC-8F5D-1737B592D740}"
EndProject
Project("{FAE04EC0-301F-11D3-BF4B-00C04F79EFBC}") = "H5ND", "H5ND\H5ND.csproj", "{4BBE9C46-F4EB-4FDB-A2B6-36D27661C45A}"
EndProject
Global
	GlobalSection(SolutionConfigurationPlatforms) = preSolution
		Debug|Any CPU = Debug|Any CPU
		Debug|x64 = Debug|x64
		Debug|x86 = Debug|x86
		Release|Any CPU = Release|Any CPU
		Release|x64 = Release|x64
		Release|x86 = Release|x86
	EndGlobalSection
	GlobalSection(ProjectConfigurationPlatforms) = postSolution
		{BA77977A-14B5-3C24-9352-8A6DFA63E7B7}.Debug|Any CPU.ActiveCfg = Debug|Any CPU
		{BA77977A-14B5-3C24-9352-8A6DFA63E7B7}.Debug|Any CPU.Build.0 = Debug|Any CPU
		{BA77977A-14B5-3C24-9352-8A6DFA63E7B7}.Debug|x64.ActiveCfg = Debug|Any CPU
		{BA77977A-14B5-3C24-9352-8A6DFA63E7B7}.Debug|x64.Build.0 = Debug|Any CPU
		{BA77977A-14B5-3C24-9352-8A6DFA63E7B7}.Debug|x86.ActiveCfg = Debug|Any CPU
		{BA77977A-14B5-3C24-9352-8A6DFA63E7B7}.Debug|x86.Build.0 = Debug|Any CPU
		{BA77977A-14B5-3C24-9352-8A6DFA63E7B7}.Release|Any CPU.ActiveCfg = Release|Any CPU
		{BA77977A-14B5-3C24-9352-8A6DFA63E7B7}.Release|Any CPU.Build.0 = Release|Any CPU
		{BA77977A-14B5-3C24-9352-8A6DFA63E7B7}.Release|x64.ActiveCfg = Release|Any CPU
		{BA77977A-14B5-3C24-9352-8A6DFA63E7B7}.Release|x64.Build.0 = Release|Any CPU
		{BA77977A-14B5-3C24-9352-8A6DFA63E7B7}.Release|x86.ActiveCfg = Release|Any CPU
		{BA77977A-14B5-3C24-9352-8A6DFA63E7B7}.Release|x86.Build.0 = Release|Any CPU
		{4DA9F3E8-D49A-F9F7-42BA-D4260358C930}.Debug|Any CPU.ActiveCfg = Debug|Any CPU
		{4DA9F3E8-D49A-F9F7-42BA-D4260358C930}.Debug|Any CPU.Build.0 = Debug|Any CPU
		{4DA9F3E8-D49A-F9F7-42BA-D4260358C930}.Debug|x64.ActiveCfg = Debug|Any CPU
		{4DA9F3E8-D49A-F9F7-42BA-D4260358C930}.Debug|x64.Build.0 = Debug|Any CPU
		{4DA9F3E8-D49A-F9F7-42BA-D4260358C930}.Debug|x86.ActiveCfg = Debug|Any CPU
		{4DA9F3E8-D49A-F9F7-42BA-D4260358C930}.Debug|x86.Build.0 = Debug|Any CPU
		{4DA9F3E8-D49A-F9F7-42BA-D4260358C930}.Release|Any CPU.ActiveCfg = Release|Any CPU
		{4DA9F3E8-D49A-F9F7-42BA-D4260358C930}.Release|Any CPU.Build.0 = Release|Any CPU
		{4DA9F3E8-D49A-F9F7-42BA-D4260358C930}.Release|x64.ActiveCfg = Release|Any CPU
		{4DA9F3E8-D49A-F9F7-42BA-D4260358C930}.Release|x64.Build.0 = Release|Any CPU
		{4DA9F3E8-D49A-F9F7-42BA-D4260358C930}.Release|x86.ActiveCfg = Release|Any CPU
		{4DA9F3E8-D49A-F9F7-42BA-D4260358C930}.Release|x86.Build.0 = Release|Any CPU
		{AE0607F1-FE9F-B59B-5BC5-EFC755BDE9CD}.Debug|Any CPU.ActiveCfg = Debug|Any CPU
		{AE0607F1-FE9F-B59B-5BC5-EFC755BDE9CD}.Debug|Any CPU.Build.0 = Debug|Any CPU
		{AE0607F1-FE9F-B59B-5BC5-EFC755BDE9CD}.Debug|x64.ActiveCfg = Debug|Any CPU
		{AE0607F1-FE9F-B59B-5BC5-EFC755BDE9CD}.Debug|x64.Build.0 = Debug|Any CPU
		{AE0607F1-FE9F-B59B-5BC5-EFC755BDE9CD}.Debug|x86.ActiveCfg = Debug|Any CPU
		{AE0607F1-FE9F-B59B-5BC5-EFC755BDE9CD}.Debug|x86.Build.0 = Debug|Any CPU
		{AE0607F1-FE9F-B59B-5BC5-EFC755BDE9CD}.Release|Any CPU.ActiveCfg = Release|Any CPU
		{AE0607F1-FE9F-B59B-5BC5-EFC755BDE9CD}.Release|Any CPU.Build.0 = Release|Any CPU
		{AE0607F1-FE9F-B59B-5BC5-EFC755BDE9CD}.Release|x64.ActiveCfg = Release|Any CPU
		{AE0607F1-FE9F-B59B-5BC5-EFC755BDE9CD}.Release|x64.Build.0 = Release|Any CPU
		{AE0607F1-FE9F-B59B-5BC5-EFC755BDE9CD}.Release|x86.ActiveCfg = Release|Any CPU
		{AE0607F1-FE9F-B59B-5BC5-EFC755BDE9CD}.Release|x86.Build.0 = Release|Any CPU
		{2F42BF82-C05C-C8E7-EF4C-D7FA35CB2B5E}.Debug|Any CPU.ActiveCfg = Debug|Any CPU
		{2F42BF82-C05C-C8E7-EF4C-D7FA35CB2B5E}.Debug|Any CPU.Build.0 = Debug|Any CPU
		{2F42BF82-C05C-C8E7-EF4C-D7FA35CB2B5E}.Debug|x64.ActiveCfg = Debug|Any CPU
		{2F42BF82-C05C-C8E7-EF4C-D7FA35CB2B5E}.Debug|x64.Build.0 = Debug|Any CPU
		{2F42BF82-C05C-C8E7-EF4C-D7FA35CB2B5E}.Debug|x86.ActiveCfg = Debug|Any CPU
		{2F42BF82-C05C-C8E7-EF4C-D7FA35CB2B5E}.Debug|x86.Build.0 = Debug|Any CPU
		{2F42BF82-C05C-C8E7-EF4C-D7FA35CB2B5E}.Release|Any CPU.ActiveCfg = Release|Any CPU
		{2F42BF82-C05C-C8E7-EF4C-D7FA35CB2B5E}.Release|Any CPU.Build.0 = Release|Any CPU
		{2F42BF82-C05C-C8E7-EF4C-D7FA35CB2B5E}.Release|x64.ActiveCfg = Release|Any CPU
		{2F42BF82-C05C-C8E7-EF4C-D7FA35CB2B5E}.Release|x64.Build.0 = Release|Any CPU
		{2F42BF82-C05C-C8E7-EF4C-D7FA35CB2B5E}.Release|x86.ActiveCfg = Release|Any CPU
		{2F42BF82-C05C-C8E7-EF4C-D7FA35CB2B5E}.Release|x86.Build.0 = Release|Any CPU
		{B7515E93-0FEF-4281-B863-69CB05255FA5}.Debug|Any CPU.ActiveCfg = Debug|Any CPU
		{B7515E93-0FEF-4281-B863-69CB05255FA5}.Debug|Any CPU.Build.0 = Debug|Any CPU
		{B7515E93-0FEF-4281-B863-69CB05255FA5}.Debug|x64.ActiveCfg = Debug|Any CPU
		{B7515E93-0FEF-4281-B863-69CB05255FA5}.Debug|x64.Build.0 = Debug|Any CPU
		{B7515E93-0FEF-4281-B863-69CB05255FA5}.Debug|x86.ActiveCfg = Debug|Any CPU
		{B7515E93-0FEF-4281-B863-69CB05255FA5}.Debug|x86.Build.0 = Debug|Any CPU
		{B7515E93-0FEF-4281-B863-69CB05255FA5}.Release|Any CPU.ActiveCfg = Release|Any CPU
		{B7515E93-0FEF-4281-B863-69CB05255FA5}.Release|Any CPU.Build.0 = Release|Any CPU
		{B7515E93-0FEF-4281-B863-69CB05255FA5}.Release|x64.ActiveCfg = Release|Any CPU
		{B7515E93-0FEF-4281-B863-69CB05255FA5}.Release|x64.Build.0 = Release|Any CPU
		{B7515E93-0FEF-4281-B863-69CB05255FA5}.Release|x86.ActiveCfg = Release|Any CPU
		{B7515E93-0FEF-4281-B863-69CB05255FA5}.Release|x86.Build.0 = Release|Any CPU
		{86CBC181-091B-4E23-9957-06BC2CED63B9}.Debug|Any CPU.ActiveCfg = Debug|Any CPU
		{86CBC181-091B-4E23-9957-06BC2CED63B9}.Debug|Any CPU.Build.0 = Debug|Any CPU
		{86CBC181-091B-4E23-9957-06BC2CED63B9}.Debug|x64.ActiveCfg = Debug|Any CPU
		{86CBC181-091B-4E23-9957-06BC2CED63B9}.Debug|x64.Build.0 = Debug|Any CPU
		{86CBC181-091B-4E23-9957-06BC2CED63B9}.Debug|x86.ActiveCfg = Debug|Any CPU
		{86CBC181-091B-4E23-9957-06BC2CED63B9}.Debug|x86.Build.0 = Debug|Any CPU
		{86CBC181-091B-4E23-9957-06BC2CED63B9}.Release|Any CPU.ActiveCfg = Release|Any CPU
		{86CBC181-091B-4E23-9957-06BC2CED63B9}.Release|Any CPU.Build.0 = Release|Any CPU
		{86CBC181-091B-4E23-9957-06BC2CED63B9}.Release|x64.ActiveCfg = Release|Any CPU
		{86CBC181-091B-4E23-9957-06BC2CED63B9}.Release|x64.Build.0 = Release|Any CPU
		{86CBC181-091B-4E23-9957-06BC2CED63B9}.Release|x86.ActiveCfg = Release|Any CPU
		{86CBC181-091B-4E23-9957-06BC2CED63B9}.Release|x86.Build.0 = Release|Any CPU
		{8D74A300-4A93-46DC-8F5D-1737B592D740}.Debug|Any CPU.ActiveCfg = Debug|Any CPU
		{8D74A300-4A93-46DC-8F5D-1737B592D740}.Debug|Any CPU.Build.0 = Debug|Any CPU
		{8D74A300-4A93-46DC-8F5D-1737B592D740}.Debug|x64.ActiveCfg = Debug|Any CPU
		{8D74A300-4A93-46DC-8F5D-1737B592D740}.Debug|x64.Build.0 = Debug|Any CPU
		{8D74A300-4A93-46DC-8F5D-1737B592D740}.Debug|x86.ActiveCfg = Debug|Any CPU
		{8D74A300-4A93-46DC-8F5D-1737B592D740}.Debug|x86.Build.0 = Debug|Any CPU
		{8D74A300-4A93-46DC-8F5D-1737B592D740}.Release|Any CPU.ActiveCfg = Release|Any CPU
		{8D74A300-4A93-46DC-8F5D-1737B592D740}.Release|Any CPU.Build.0 = Release|Any CPU
		{8D74A300-4A93-46DC-8F5D-1737B592D740}.Release|x64.ActiveCfg = Release|Any CPU
		{8D74A300-4A93-46DC-8F5D-1737B592D740}.Release|x64.Build.0 = Release|Any CPU
		{8D74A300-4A93-46DC-8F5D-1737B592D740}.Release|x86.ActiveCfg = Release|Any CPU
		{8D74A300-4A93-46DC-8F5D-1737B592D740}.Release|x86.Build.0 = Release|Any CPU
		{4BBE9C46-F4EB-4FDB-A2B6-36D27661C45A}.Debug|Any CPU.ActiveCfg = Debug|Any CPU
		{4BBE9C46-F4EB-4FDB-A2B6-36D27661C45A}.Debug|Any CPU.Build.0 = Debug|Any CPU
		{4BBE9C46-F4EB-4FDB-A2B6-36D27661C45A}.Debug|x64.ActiveCfg = Debug|Any CPU
		{4BBE9C46-F4EB-4FDB-A2B6-36D27661C45A}.Debug|x64.Build.0 = Debug|Any CPU
		{4BBE9C46-F4EB-4FDB-A2B6-36D27661C45A}.Debug|x86.ActiveCfg = Debug|Any CPU
		{4BBE9C46-F4EB-4FDB-A2B6-36D27661C45A}.Debug|x86.Build.0 = Debug|Any CPU
		{4BBE9C46-F4EB-4FDB-A2B6-36D27661C45A}.Release|Any CPU.ActiveCfg = Release|Any CPU
		{4BBE9C46-F4EB-4FDB-A2B6-36D27661C45A}.Release|Any CPU.Build.0 = Release|Any CPU
		{4BBE9C46-F4EB-4FDB-A2B6-36D27661C45A}.Release|x64.ActiveCfg = Release|Any CPU
		{4BBE9C46-F4EB-4FDB-A2B6-36D27661C45A}.Release|x64.Build.0 = Release|Any CPU
		{4BBE9C46-F4EB-4FDB-A2B6-36D27661C45A}.Release|x86.ActiveCfg = Release|Any CPU
		{4BBE9C46-F4EB-4FDB-A2B6-36D27661C45A}.Release|x86.Build.0 = Release|Any CPU
	EndGlobalSection
	GlobalSection(SolutionProperties) = preSolution
		HideSolutionNode = FALSE
	EndGlobalSection
	GlobalSection(ExtensibilityGlobals) = postSolution
		SolutionGuid = {33BCD4EB-8DB0-4278-9A57-DAA784446190}
	EndGlobalSection
EndGlobal
